<?xml version="1.0" encoding="utf-8"?>
<Project ToolsVersion="4.0" xmlns="http://schemas.microsoft.com/developer/msbuild/2003">
  <ItemGroup>
    <Filter Include="Source Files">
      <UniqueIdentifier>{4FC737F1-C7A5-4376-A066-2A32D752A2FF}</UniqueIdentifier>
      <Extensions>cpp;c;cc;cxx;c++;cppm;ixx;def;odl;idl;hpj;bat;asm;asmx</Extensions>
    </Filter>
    <Filter Include="Header Files">
      <UniqueIdentifier>{93995380-89BD-4b04-88EB-625FBE52EBFB}</UniqueIdentifier>
      <Extensions>h;hh;hpp;hxx;h++;hm;inl;inc;ipp;xsd</Extensions>
    </Filter>
    <Filter Include="Resource Files">
      <UniqueIdentifier>{67DA6AB6-F800-4c08-8B7A-83BB121AAD01}</UniqueIdentifier>
      <Extensions>rc;ico;cur;bmp;dlg;rc2;rct;bin;rgs;gif;jpg;jpeg;jpe;resx;tiff;tif;png;wav;mfcribbon-ms</Extensions>
    </Filter>
  </ItemGroup>
  <ItemGroup>
    <ClCompile Include="main.cpp">
      <Filter>Source Files</Filter>
    </ClCompile>
    <ClCompile Include="Game.cpp">
      <Filter>Source Files</Filter>
    </ClCompile>
    <ClCompile Include="Camera.cpp">
      <Filter>Source Files</Filter>
    </ClCompile>
    <ClCompile Include="Renderer.cpp">
      <Filter>Source Files</Filter>
    </ClCompile>
    <ClCompile Include="Resources.cpp">
      <Filter>Source Files</Filter>
    </ClCompile>
    <ClCompile Include="Map.cpp">
      <Filter>Source Files</Filter>
    </ClCompile>
    <ClCompile Include="Mario.cpp">
      <Filter>Source Files</Filter>
    </ClCompile>
    <ClCompile Include="Enemy.cpp">
      <Filter>Source Files</Filter>
    </ClCompile>
    <ClCompile Include="Entity.cpp">
      <Filter>Source Files</Filter>
    </ClCompile>
    <ClCompile Include="Block.cpp">
      <Filter>Source Files</Filter>
    </ClCompile>
    <ClCompile Include="Player.cpp">
      <Filter>Source Files</Filter>
    </ClCompile>
    <ClCompile Include="Animator.cpp">
      <Filter>Source Files</Filter>
    </ClCompile>
    <ClCompile Include="AssetManager.cpp">
      <Filter>Source Files</Filter>
    </ClCompile>
    <ClCompile Include="Item.cpp">
      <Filter>Source Files</Filter>
    </ClCompile>
    <ClCompile Include="Mushroom.cpp">
      <Filter>Source Files</Filter>
    </ClCompile>
    <ClCompile Include="Star.cpp">
      <Filter>Source Files</Filter>
    </ClCompile>
    <ClCompile Include="Flower.cpp">
      <Filter>Source Files</Filter>
    </ClCompile>
    <ClCompile Include="Coin.cpp">
      <Filter>Source Files</Filter>
    </ClCompile>
    <ClCompile Include="CollisionManager.cpp">
      <Filter>Source Files</Filter>
    </ClCompile>
    <ClCompile Include="PlayerForm.cpp">
      <Filter>Source Files</Filter>
    </ClCompile>
    <ClCompile Include="MarioForm.cpp">
      <Filter>Source Files</Filter>
    </ClCompile>
    <ClCompile Include="SmallMarioForm.cpp">
      <Filter>Source Files</Filter>
    </ClCompile>
    <ClCompile Include="SuperMarioForm.cpp">
      <Filter>Source Files</Filter>
    </ClCompile>
    <ClCompile Include="FireMarioForm.cpp">
      <Filter>Source Files</Filter>
    </ClCompile>
    <ClCompile Include="Luigi.cpp">
      <Filter>Source Files</Filter>
    </ClCompile>
    <ClCompile Include="LuigiForm.cpp">
      <Filter>Source Files</Filter>
    </ClCompile>
    <ClCompile Include="SmallLuigiForm.cpp">
      <Filter>Source Files</Filter>
    </ClCompile>
    <ClCompile Include="SuperLuigiForm.cpp">
      <Filter>Source Files</Filter>
    </ClCompile>
    <ClCompile Include="FireLuigiForm.cpp">
      <Filter>Source Files</Filter>
    </ClCompile>
    <ClCompile Include="SmallPlayerForm.cpp">
      <Filter>Source Files</Filter>
    </ClCompile>
    <ClCompile Include="SuperPlayerForm.cpp">
      <Filter>Source Files</Filter>
    </ClCompile>
    <ClCompile Include="FirePlayerForm.cpp">
      <Filter>Source Files</Filter>
    </ClCompile>
    <ClCompile Include="Goomba.cpp">
      <Filter>Source Files</Filter>
    </ClCompile>
    <ClCompile Include="Koopa.cpp">
      <Filter>Source Files</Filter>
    </ClCompile>
    <ClCompile Include="PiranhaPlant.cpp">
      <Filter>Source Files</Filter>
    </ClCompile>
    <ClCompile Include="BulletBill.cpp">
      <Filter>Source Files</Filter>
    </ClCompile>
    <ClCompile Include="CheepCheep.cpp">
      <Filter>Source Files</Filter>
    </ClCompile>
  </ItemGroup>
  <ItemGroup>
    <ClInclude Include="Game.h">
      <Filter>Header Files</Filter>
    </ClInclude>
    <ClInclude Include="Camera.h">
      <Filter>Header Files</Filter>
    </ClInclude>
    <ClInclude Include="Renderer.h">
      <Filter>Header Files</Filter>
    </ClInclude>
    <ClInclude Include="Resources.h">
      <Filter>Header Files</Filter>
    </ClInclude>
    <ClInclude Include="Map.h">
      <Filter>Header Files</Filter>
    </ClInclude>
    <ClInclude Include="Mario.h">
      <Filter>Header Files</Filter>
    </ClInclude>
    <ClInclude Include="Enemy.h">
      <Filter>Header Files</Filter>
    </ClInclude>
    <ClInclude Include="Entity.h">
      <Filter>Header Files</Filter>
    </ClInclude>
    <ClInclude Include="Block.h">
      <Filter>Header Files</Filter>
    </ClInclude>
    <ClInclude Include="Player.h">
      <Filter>Header Files</Filter>
    </ClInclude>
    <ClInclude Include="Animator.h">
      <Filter>Header Files</Filter>
    </ClInclude>
    <ClInclude Include="AssetManager.h">
      <Filter>Header Files</Filter>
    </ClInclude>
    <ClInclude Include="Item.h">
      <Filter>Header Files</Filter>
    </ClInclude>
    <ClInclude Include="Mushroom.h">
      <Filter>Header Files</Filter>
    </ClInclude>
    <ClInclude Include="Star.h">
      <Filter>Header Files</Filter>
    </ClInclude>
    <ClInclude Include="Flower.h">
      <Filter>Header Files</Filter>
    </ClInclude>
    <ClInclude Include="Coin.h">
      <Filter>Header Files</Filter>
    </ClInclude>
    <ClInclude Include="CollisionManager.h">
      <Filter>Header Files</Filter>
    </ClInclude>
    <ClInclude Include="PlayerForm.h">
      <Filter>Header Files</Filter>
    </ClInclude>
    <ClInclude Include="MarioForm.h">
      <Filter>Header Files</Filter>
    </ClInclude>
    <ClInclude Include="SmallMarioForm.h">
      <Filter>Header Files</Filter>
    </ClInclude>
    <ClInclude Include="SuperMarioForm.h">
      <Filter>Header Files</Filter>
    </ClInclude>
    <ClInclude Include="FireMarioForm.h">
      <Filter>Header Files</Filter>
    </ClInclude>
    <ClInclude Include="Luigi.h">
      <Filter>Header Files</Filter>
    </ClInclude>
    <ClInclude Include="LuigiForm.h">
      <Filter>Header Files</Filter>
    </ClInclude>
    <ClInclude Include="SmallLuigiForm.h">
      <Filter>Header Files</Filter>
    </ClInclude>
    <ClInclude Include="SuperLuigiForm.h">
      <Filter>Header Files</Filter>
    </ClInclude>
    <ClInclude Include="FireLuigiForm.h">
      <Filter>Header Files</Filter>
    </ClInclude>
    <ClInclude Include="SmallPlayerForm.h">
      <Filter>Header Files</Filter>
    </ClInclude>
    <ClInclude Include="SuperPlayerForm.h">
      <Filter>Header Files</Filter>
    </ClInclude>
    <ClInclude Include="FirePlayerForm.h">
      <Filter>Header Files</Filter>
    </ClInclude>
    <ClInclude Include="Goomba.h">
      <Filter>Header Files</Filter>
    </ClInclude>
    <ClInclude Include="Koopa.h">
      <Filter>Header Files</Filter>
    </ClInclude>
    <ClInclude Include="PiranhaPlant.h">
      <Filter>Header Files</Filter>
    </ClInclude>
    <ClInclude Include="BulletBill.h">
      <Filter>Header Files</Filter>
    </ClInclude>
    <ClInclude Include="CheepCheep.h">
      <Filter>Header Files</Filter>
    </ClInclude>
  </ItemGroup>
</Project>